{
  "originHash" : "f53c5141c33236c8b2f44839b6133485a56f54d29757fb82859b170818ff2554",
  "pins" : [
    {
      "identity" : "uuswiftcore",
      "kind" : "remoteSourceControl",
      "location" : "https://github.com/SilverPineSoftware/UUSwiftCore",
      "state" : {
        "branch" : "develop",
        "revision" : "05216d31eafe6e4e855d70df8f27d169f9381ff4"
      }
    }
  ],
  "version" : 3
}
