{
  "object": {
    "pins": [
      {
        "package": "UUSwiftCore",
        "repositoryURL": "https://github.com/SilverPineSoftware/UUSwiftCore",
        "state": {
          "branch": null,
          "revision": "2a38c83b4903bfe7239b57b2e248a421cdf6f365",
          "version": "1.1.2"
        }
      }
    ]
  },
  "version": 1
}
