{
  "originHash" : "57a4532e420fe14019b1a063f9e85fdd30ba190fc6725b8266f027aff56a9b20",
  "pins" : [
    {
      "identity" : "uuswiftcore",
      "kind" : "remoteSourceControl",
      "location" : "https://github.com/SilverPineSoftware/UUSwiftCore",
      "state" : {
        "branch" : "develop",
        "revision" : "f1e6363e7c09eefbac8062a779f3aed3b58482d0"
      }
    },
    {
      "identity" : "uuswifttestcore",
      "kind" : "remoteSourceControl",
      "location" : "https://github.com/SilverPineSoftware/UUSwiftTestCore",
      "state" : {
        "revision" : "1563c80ed71b57662a9bdf9af96f8e6267605f6b",
        "version" : "0.0.5"
      }
    }
  ],
  "version" : 3
}
